
Microsoft Visual Studio Solution File, Format Version 12.00
# Visual Studio Version 17
VisualStudioVersion = 17.7.34031.279
MinimumVisualStudioVersion = 10.0.40219.1
Project("{9A19103F-16F7-4668-BE54-9A1E7A4F7556}") = "CalendarAPI", "CalendarAPI\CalendarAPI.csproj", "{E81E9A09-70D5-41BB-986B-9698F9133B5B}"
EndProject
Project("{FAE04EC0-301F-11D3-BF4B-00C04F79EFBC}") = "CalendarAPITests", "CalendarAPITests\CalendarAPITests.csproj", "{9890394C-2EC1-4CD5-87F7-5B7897E5B991}"
EndProject
Global
	GlobalSection(SolutionConfigurationPlatforms) = preSolution
		Debug|Any CPU = Debug|Any CPU
		Release|Any CPU = Release|Any CPU
	EndGlobalSection
	GlobalSection(ProjectConfigurationPlatforms) = postSolution
		{E81E9A09-70D5-41BB-986B-9698F9133B5B}.Debug|Any CPU.ActiveCfg = Debug|Any CPU
		{E81E9A09-70D5-41BB-986B-9698F9133B5B}.Debug|Any CPU.Build.0 = Debug|Any CPU
		{E81E9A09-70D5-41BB-986B-9698F9133B5B}.Release|Any CPU.ActiveCfg = Release|Any CPU
		{E81E9A09-70D5-41BB-986B-9698F9133B5B}.Release|Any CPU.Build.0 = Release|Any CPU
		{9890394C-2EC1-4CD5-87F7-5B7897E5B991}.Debug|Any CPU.ActiveCfg = Debug|Any CPU
		{9890394C-2EC1-4CD5-87F7-5B7897E5B991}.Debug|Any CPU.Build.0 = Debug|Any CPU
		{9890394C-2EC1-4CD5-87F7-5B7897E5B991}.Release|Any CPU.ActiveCfg = Release|Any CPU
		{9890394C-2EC1-4CD5-87F7-5B7897E5B991}.Release|Any CPU.Build.0 = Release|Any CPU
	EndGlobalSection
	GlobalSection(SolutionProperties) = preSolution
		HideSolutionNode = FALSE
	EndGlobalSection
	GlobalSection(ExtensibilityGlobals) = postSolution
		SolutionGuid = {67CEB3F4-27FC-411F-A910-819F31900620}
	EndGlobalSection
EndGlobal
